
Microsoft Visual Studio Solution File, Format Version 12.00
# Visual Studio 14
VisualStudioVersion = 14.0.25420.1
MinimumVisualStudioVersion = 10.0.40219.1
Project("{FAE04EC0-301F-11D3-BF4B-00C04F79EFBC}") = "SpaceBackgrounds", "SpaceBackgrounds\SpaceBackgrounds.csproj", "{7BBA7881-8159-468F-87D4-9F1AD894D841}"
EndProject
Project("{FAE04EC0-301F-11D3-BF4B-00C04F79EFBC}") = "SpaceBackgroundsExample", "SpaceBackgroundsExample\SpaceBackgroundsExample.csproj", "{FBC75051-51B8-408D-BF2C-E00F08066376}"
EndProject
Global
	GlobalSection(SolutionConfigurationPlatforms) = preSolution
		Debug|Any CPU = Debug|Any CPU
		Release|Any CPU = Release|Any CPU
	EndGlobalSection
	GlobalSection(ProjectConfigurationPlatforms) = postSolution
		{7BBA7881-8159-468F-87D4-9F1AD894D841}.Debug|Any CPU.ActiveCfg = Debug|Any CPU
		{7BBA7881-8159-468F-87D4-9F1AD894D841}.Debug|Any CPU.Build.0 = Debug|Any CPU
		{7BBA7881-8159-468F-87D4-9F1AD894D841}.Release|Any CPU.ActiveCfg = Release|Any CPU
		{7BBA7881-8159-468F-87D4-9F1AD894D841}.Release|Any CPU.Build.0 = Release|Any CPU
		{FBC75051-51B8-408D-BF2C-E00F08066376}.Debug|Any CPU.ActiveCfg = Debug|Any CPU
		{FBC75051-51B8-408D-BF2C-E00F08066376}.Debug|Any CPU.Build.0 = Debug|Any CPU
		{FBC75051-51B8-408D-BF2C-E00F08066376}.Release|Any CPU.ActiveCfg = Release|Any CPU
		{FBC75051-51B8-408D-BF2C-E00F08066376}.Release|Any CPU.Build.0 = Release|Any CPU
	EndGlobalSection
	GlobalSection(SolutionProperties) = preSolution
		HideSolutionNode = FALSE
	EndGlobalSection
EndGlobal
